
Microsoft Visual Studio Solution File, Format Version 12.00
# Visual Studio Version 16
VisualStudioVersion = 16.0.29806.167
MinimumVisualStudioVersion = 10.0.40219.1
Project("{FAE04EC0-301F-11D3-BF4B-00C04F79EFBC}") = "Tedd.HashSetExtensions", "Tedd.HashSetExtensions\Tedd.HashSetExtensions.csproj", "{42117D9C-07F8-4681-B2B8-0AC7F58E6A11}"
EndProject
Project("{FAE04EC0-301F-11D3-BF4B-00C04F79EFBC}") = "Tedd.HashSetExtensions.Tests", "Tedd.HashSetExtensions.Tests\Tedd.HashSetExtensions.Tests.csproj", "{027DEA2F-4A08-4F8B-ACBD-A321FA1DC2F7}"
EndProject
Project("{FAE04EC0-301F-11D3-BF4B-00C04F79EFBC}") = "Tedd.HashSetExtensions.Archive", "Tedd.HashSetExtensions.Archive\Tedd.HashSetExtensions.Archive.csproj", "{7F2DC729-87B4-46BE-BA8F-906D14E0A048}"
EndProject
Project("{FAE04EC0-301F-11D3-BF4B-00C04F79EFBC}") = "Tedd.HashSetExtensions.Benchmarks", "Tedd.HashSetExtensions.Benchmarks\Tedd.HashSetExtensions.Benchmarks.csproj", "{1E06CB11-E9E2-4005-B627-39DED6272BE4}"
EndProject
Global
	GlobalSection(SolutionConfigurationPlatforms) = preSolution
		Debug|Any CPU = Debug|Any CPU
		Debug|x64 = Debug|x64
		Debug|x86 = Debug|x86
		Release|Any CPU = Release|Any CPU
		Release|x64 = Release|x64
		Release|x86 = Release|x86
	EndGlobalSection
	GlobalSection(ProjectConfigurationPlatforms) = postSolution
		{42117D9C-07F8-4681-B2B8-0AC7F58E6A11}.Debug|Any CPU.ActiveCfg = Debug|Any CPU
		{42117D9C-07F8-4681-B2B8-0AC7F58E6A11}.Debug|Any CPU.Build.0 = Debug|Any CPU
		{42117D9C-07F8-4681-B2B8-0AC7F58E6A11}.Debug|x64.ActiveCfg = Debug|Any CPU
		{42117D9C-07F8-4681-B2B8-0AC7F58E6A11}.Debug|x64.Build.0 = Debug|Any CPU
		{42117D9C-07F8-4681-B2B8-0AC7F58E6A11}.Debug|x86.ActiveCfg = Debug|Any CPU
		{42117D9C-07F8-4681-B2B8-0AC7F58E6A11}.Debug|x86.Build.0 = Debug|Any CPU
		{42117D9C-07F8-4681-B2B8-0AC7F58E6A11}.Release|Any CPU.ActiveCfg = Release|Any CPU
		{42117D9C-07F8-4681-B2B8-0AC7F58E6A11}.Release|Any CPU.Build.0 = Release|Any CPU
		{42117D9C-07F8-4681-B2B8-0AC7F58E6A11}.Release|x64.ActiveCfg = Release|Any CPU
		{42117D9C-07F8-4681-B2B8-0AC7F58E6A11}.Release|x64.Build.0 = Release|Any CPU
		{42117D9C-07F8-4681-B2B8-0AC7F58E6A11}.Release|x86.ActiveCfg = Release|Any CPU
		{42117D9C-07F8-4681-B2B8-0AC7F58E6A11}.Release|x86.Build.0 = Release|Any CPU
		{027DEA2F-4A08-4F8B-ACBD-A321FA1DC2F7}.Debug|Any CPU.ActiveCfg = Debug|Any CPU
		{027DEA2F-4A08-4F8B-ACBD-A321FA1DC2F7}.Debug|Any CPU.Build.0 = Debug|Any CPU
		{027DEA2F-4A08-4F8B-ACBD-A321FA1DC2F7}.Debug|x64.ActiveCfg = Debug|Any CPU
		{027DEA2F-4A08-4F8B-ACBD-A321FA1DC2F7}.Debug|x64.Build.0 = Debug|Any CPU
		{027DEA2F-4A08-4F8B-ACBD-A321FA1DC2F7}.Debug|x86.ActiveCfg = Debug|Any CPU
		{027DEA2F-4A08-4F8B-ACBD-A321FA1DC2F7}.Debug|x86.Build.0 = Debug|Any CPU
		{027DEA2F-4A08-4F8B-ACBD-A321FA1DC2F7}.Release|Any CPU.ActiveCfg = Release|Any CPU
		{027DEA2F-4A08-4F8B-ACBD-A321FA1DC2F7}.Release|Any CPU.Build.0 = Release|Any CPU
		{027DEA2F-4A08-4F8B-ACBD-A321FA1DC2F7}.Release|x64.ActiveCfg = Release|Any CPU
		{027DEA2F-4A08-4F8B-ACBD-A321FA1DC2F7}.Release|x64.Build.0 = Release|Any CPU
		{027DEA2F-4A08-4F8B-ACBD-A321FA1DC2F7}.Release|x86.ActiveCfg = Release|Any CPU
		{027DEA2F-4A08-4F8B-ACBD-A321FA1DC2F7}.Release|x86.Build.0 = Release|Any CPU
		{7F2DC729-87B4-46BE-BA8F-906D14E0A048}.Debug|Any CPU.ActiveCfg = Debug|Any CPU
		{7F2DC729-87B4-46BE-BA8F-906D14E0A048}.Debug|Any CPU.Build.0 = Debug|Any CPU
		{7F2DC729-87B4-46BE-BA8F-906D14E0A048}.Debug|x64.ActiveCfg = Debug|Any CPU
		{7F2DC729-87B4-46BE-BA8F-906D14E0A048}.Debug|x64.Build.0 = Debug|Any CPU
		{7F2DC729-87B4-46BE-BA8F-906D14E0A048}.Debug|x86.ActiveCfg = Debug|Any CPU
		{7F2DC729-87B4-46BE-BA8F-906D14E0A048}.Debug|x86.Build.0 = Debug|Any CPU
		{7F2DC729-87B4-46BE-BA8F-906D14E0A048}.Release|Any CPU.ActiveCfg = Release|Any CPU
		{7F2DC729-87B4-46BE-BA8F-906D14E0A048}.Release|Any CPU.Build.0 = Release|Any CPU
		{7F2DC729-87B4-46BE-BA8F-906D14E0A048}.Release|x64.ActiveCfg = Release|Any CPU
		{7F2DC729-87B4-46BE-BA8F-906D14E0A048}.Release|x64.Build.0 = Release|Any CPU
		{7F2DC729-87B4-46BE-BA8F-906D14E0A048}.Release|x86.ActiveCfg = Release|Any CPU
		{7F2DC729-87B4-46BE-BA8F-906D14E0A048}.Release|x86.Build.0 = Release|Any CPU
		{1E06CB11-E9E2-4005-B627-39DED6272BE4}.Debug|Any CPU.ActiveCfg = Debug|Any CPU
		{1E06CB11-E9E2-4005-B627-39DED6272BE4}.Debug|Any CPU.Build.0 = Debug|Any CPU
		{1E06CB11-E9E2-4005-B627-39DED6272BE4}.Debug|x64.ActiveCfg = Debug|Any CPU
		{1E06CB11-E9E2-4005-B627-39DED6272BE4}.Debug|x64.Build.0 = Debug|Any CPU
		{1E06CB11-E9E2-4005-B627-39DED6272BE4}.Debug|x86.ActiveCfg = Debug|Any CPU
		{1E06CB11-E9E2-4005-B627-39DED6272BE4}.Debug|x86.Build.0 = Debug|Any CPU
		{1E06CB11-E9E2-4005-B627-39DED6272BE4}.Release|Any CPU.ActiveCfg = Release|Any CPU
		{1E06CB11-E9E2-4005-B627-39DED6272BE4}.Release|Any CPU.Build.0 = Release|Any CPU
		{1E06CB11-E9E2-4005-B627-39DED6272BE4}.Release|x64.ActiveCfg = Release|Any CPU
		{1E06CB11-E9E2-4005-B627-39DED6272BE4}.Release|x64.Build.0 = Release|Any CPU
		{1E06CB11-E9E2-4005-B627-39DED6272BE4}.Release|x86.ActiveCfg = Release|Any CPU
		{1E06CB11-E9E2-4005-B627-39DED6272BE4}.Release|x86.Build.0 = Release|Any CPU
	EndGlobalSection
	GlobalSection(SolutionProperties) = preSolution
		HideSolutionNode = FALSE
	EndGlobalSection
	GlobalSection(ExtensibilityGlobals) = postSolution
		SolutionGuid = {009F9394-3D1C-4CE9-B139-8F6B8DA64AEE}
	EndGlobalSection
EndGlobal
